
Microsoft Visual Studio Solution File, Format Version 12.00
# Visual Studio Version 17
VisualStudioVersion = 17.12.35527.113 d17.12
MinimumVisualStudioVersion = 10.0.40219.1
Project("{FAE04EC0-301F-11D3-BF4B-00C04F79EFBC}") = "TestApplication", "TestApplication\TestApplication.csproj", "{C6F1E20B-C38C-4448-85E8-2BDA99A9D463}"
EndProject
Project("{FAE04EC0-301F-11D3-BF4B-00C04F79EFBC}") = "TestAPPO", "TestAPPO\TestAPPO.csproj", "{B1AE31DE-A120-4F16-B216-34B314528999}"
EndProject
Global
	GlobalSection(SolutionConfigurationPlatforms) = preSolution
		Debug|Any CPU = Debug|Any CPU
		Release|Any CPU = Release|Any CPU
	EndGlobalSection
	GlobalSection(ProjectConfigurationPlatforms) = postSolution
		{C6F1E20B-C38C-4448-85E8-2BDA99A9D463}.Debug|Any CPU.ActiveCfg = Debug|Any CPU
		{C6F1E20B-C38C-4448-85E8-2BDA99A9D463}.Debug|Any CPU.Build.0 = Debug|Any CPU
		{C6F1E20B-C38C-4448-85E8-2BDA99A9D463}.Release|Any CPU.ActiveCfg = Release|Any CPU
		{C6F1E20B-C38C-4448-85E8-2BDA99A9D463}.Release|Any CPU.Build.0 = Release|Any CPU
		{B1AE31DE-A120-4F16-B216-34B314528999}.Debug|Any CPU.ActiveCfg = Debug|Any CPU
		{B1AE31DE-A120-4F16-B216-34B314528999}.Debug|Any CPU.Build.0 = Debug|Any CPU
		{B1AE31DE-A120-4F16-B216-34B314528999}.Release|Any CPU.ActiveCfg = Release|Any CPU
		{B1AE31DE-A120-4F16-B216-34B314528999}.Release|Any CPU.Build.0 = Release|Any CPU
	EndGlobalSection
	GlobalSection(SolutionProperties) = preSolution
		HideSolutionNode = FALSE
	EndGlobalSection
EndGlobal
